
Microsoft Visual Studio Solution File, Format Version 12.00
# Visual Studio Version 16
VisualStudioVersion = 16.0.29123.88
MinimumVisualStudioVersion = 10.0.40219.1
Project("{8BC9CEB8-8B4A-11D0-8D11-00A0C91BC942}") = "MyDll", "MyDll\MyDll.vcxproj", "{D91AB1EE-AE65-41AE-BB5B-FDDE70427F14}"
EndProject
Project("{FAE04EC0-301F-11D3-BF4B-00C04F79EFBC}") = "CallDllFromCs", "CallDllFromCs\CallDllFromCs.csproj", "{6BE7BC51-BC5A-4881-AF8C-441ACB3042EA}"
EndProject
Global
	GlobalSection(SolutionConfigurationPlatforms) = preSolution
		Debug|Any CPU = Debug|Any CPU
		Debug|x64 = Debug|x64
		Debug|x86 = Debug|x86
		Release|Any CPU = Release|Any CPU
		Release|x64 = Release|x64
		Release|x86 = Release|x86
	EndGlobalSection
	GlobalSection(ProjectConfigurationPlatforms) = postSolution
		{D91AB1EE-AE65-41AE-BB5B-FDDE70427F14}.Debug|Any CPU.ActiveCfg = Debug|Win32
		{D91AB1EE-AE65-41AE-BB5B-FDDE70427F14}.Debug|x64.ActiveCfg = Debug|x64
		{D91AB1EE-AE65-41AE-BB5B-FDDE70427F14}.Debug|x64.Build.0 = Debug|x64
		{D91AB1EE-AE65-41AE-BB5B-FDDE70427F14}.Debug|x86.ActiveCfg = Debug|Win32
		{D91AB1EE-AE65-41AE-BB5B-FDDE70427F14}.Debug|x86.Build.0 = Debug|Win32
		{D91AB1EE-AE65-41AE-BB5B-FDDE70427F14}.Release|Any CPU.ActiveCfg = Release|Win32
		{D91AB1EE-AE65-41AE-BB5B-FDDE70427F14}.Release|x64.ActiveCfg = Release|x64
		{D91AB1EE-AE65-41AE-BB5B-FDDE70427F14}.Release|x64.Build.0 = Release|x64
		{D91AB1EE-AE65-41AE-BB5B-FDDE70427F14}.Release|x86.ActiveCfg = Release|Win32
		{D91AB1EE-AE65-41AE-BB5B-FDDE70427F14}.Release|x86.Build.0 = Release|Win32
		{6BE7BC51-BC5A-4881-AF8C-441ACB3042EA}.Debug|Any CPU.ActiveCfg = Debug|Any CPU
		{6BE7BC51-BC5A-4881-AF8C-441ACB3042EA}.Debug|Any CPU.Build.0 = Debug|Any CPU
		{6BE7BC51-BC5A-4881-AF8C-441ACB3042EA}.Debug|x64.ActiveCfg = Debug|Any CPU
		{6BE7BC51-BC5A-4881-AF8C-441ACB3042EA}.Debug|x64.Build.0 = Debug|Any CPU
		{6BE7BC51-BC5A-4881-AF8C-441ACB3042EA}.Debug|x86.ActiveCfg = Debug|Any CPU
		{6BE7BC51-BC5A-4881-AF8C-441ACB3042EA}.Debug|x86.Build.0 = Debug|Any CPU
		{6BE7BC51-BC5A-4881-AF8C-441ACB3042EA}.Release|Any CPU.ActiveCfg = Release|Any CPU
		{6BE7BC51-BC5A-4881-AF8C-441ACB3042EA}.Release|Any CPU.Build.0 = Release|Any CPU
		{6BE7BC51-BC5A-4881-AF8C-441ACB3042EA}.Release|x64.ActiveCfg = Release|Any CPU
		{6BE7BC51-BC5A-4881-AF8C-441ACB3042EA}.Release|x64.Build.0 = Release|Any CPU
		{6BE7BC51-BC5A-4881-AF8C-441ACB3042EA}.Release|x86.ActiveCfg = Release|Any CPU
		{6BE7BC51-BC5A-4881-AF8C-441ACB3042EA}.Release|x86.Build.0 = Release|Any CPU
	EndGlobalSection
	GlobalSection(SolutionProperties) = preSolution
		HideSolutionNode = FALSE
	EndGlobalSection
	GlobalSection(ExtensibilityGlobals) = postSolution
		SolutionGuid = {803B2C39-F665-4868-A761-E65F2844E07C}
	EndGlobalSection
EndGlobal
